PODS:
  - audio_session (0.0.1):
    - Flutter
  - file_selector_ios (0.0.1):
    - Flutter
  - Flutter (1.0.0)
  - path_provider_foundation (0.0.1):
    - Flutter
    - FlutterMacOS
  - permission_handler_apple (9.3.0):
    - Flutter

DEPENDENCIES:
  - audio_session (from `.symlinks/plugins/audio_session/ios`)
  - file_selector_ios (from `.symlinks/plugins/file_selector_ios/ios`)
  - Flutter (from `Flutter`)
  - path_provider_foundation (from `.symlinks/plugins/path_provider_foundation/darwin`)
  - permission_handler_apple (from `.symlinks/plugins/permission_handler_apple/ios`)

EXTERNAL SOURCES:
  audio_session:
    :path: ".symlinks/plugins/audio_session/ios"
  file_selector_ios:
    :path: ".symlinks/plugins/file_selector_ios/ios"
  Flutter:
    :path: Flutter
  path_provider_foundation:
    :path: ".symlinks/plugins/path_provider_foundation/darwin"
  permission_handler_apple:
    :path: ".symlinks/plugins/permission_handler_apple/ios"

SPEC CHECKSUMS:
  audio_session: 4f3e461722055d21515cf3261b64c973c062f345
  file_selector_ios: b6a6c6667913d571590169ef946afbafe3b52688
  Flutter: e0871f40cf51350855a761d2e70bf5af5b9b5de7
  path_provider_foundation: 3784922295ac71e43754bd15e0653ccfd36a147c
  permission_handler_apple: 036b856153a2b1f61f21030ff725f3e6fece2b78

PODFILE CHECKSUM: 6d894061aa936555cce4dbe7e4910c05762356e6

COCOAPODS: 1.14.3
